
Microsoft Visual Studio Solution File, Format Version 12.00
# Visual Studio Version 16
VisualStudioVersion = 16.0.29911.84
MinimumVisualStudioVersion = 15.0.26124.0
Project("{2150E333-8FDC-42A3-9474-1A3956D46DE8}") = "src", "src", "{DED41FC6-4C7A-45B0-BF73-EB6C111CFB3B}"
EndProject
Project("{9A19103F-16F7-4668-BE54-9A1E7A4F7556}") = "BSData.Status", "src\BSData.Status\BSData.Status.csproj", "{9E1799CE-A93F-4C31-9184-51FD7FBDEE71}"
EndProject
Global
	GlobalSection(SolutionConfigurationPlatforms) = preSolution
		Debug|Any CPU = Debug|Any CPU
		Debug|x64 = Debug|x64
		Debug|x86 = Debug|x86
		Release|Any CPU = Release|Any CPU
		Release|x64 = Release|x64
		Release|x86 = Release|x86
	EndGlobalSection
	GlobalSection(ProjectConfigurationPlatforms) = postSolution
		{9E1799CE-A93F-4C31-9184-51FD7FBDEE71}.Debug|Any CPU.ActiveCfg = Debug|Any CPU
		{9E1799CE-A93F-4C31-9184-51FD7FBDEE71}.Debug|Any CPU.Build.0 = Debug|Any CPU
		{9E1799CE-A93F-4C31-9184-51FD7FBDEE71}.Debug|x64.ActiveCfg = Debug|Any CPU
		{9E1799CE-A93F-4C31-9184-51FD7FBDEE71}.Debug|x64.Build.0 = Debug|Any CPU
		{9E1799CE-A93F-4C31-9184-51FD7FBDEE71}.Debug|x86.ActiveCfg = Debug|Any CPU
		{9E1799CE-A93F-4C31-9184-51FD7FBDEE71}.Debug|x86.Build.0 = Debug|Any CPU
		{9E1799CE-A93F-4C31-9184-51FD7FBDEE71}.Release|Any CPU.ActiveCfg = Release|Any CPU
		{9E1799CE-A93F-4C31-9184-51FD7FBDEE71}.Release|Any CPU.Build.0 = Release|Any CPU
		{9E1799CE-A93F-4C31-9184-51FD7FBDEE71}.Release|x64.ActiveCfg = Release|Any CPU
		{9E1799CE-A93F-4C31-9184-51FD7FBDEE71}.Release|x64.Build.0 = Release|Any CPU
		{9E1799CE-A93F-4C31-9184-51FD7FBDEE71}.Release|x86.ActiveCfg = Release|Any CPU
		{9E1799CE-A93F-4C31-9184-51FD7FBDEE71}.Release|x86.Build.0 = Release|Any CPU
	EndGlobalSection
	GlobalSection(SolutionProperties) = preSolution
		HideSolutionNode = FALSE
	EndGlobalSection
	GlobalSection(NestedProjects) = preSolution
		{9E1799CE-A93F-4C31-9184-51FD7FBDEE71} = {DED41FC6-4C7A-45B0-BF73-EB6C111CFB3B}
	EndGlobalSection
	GlobalSection(ExtensibilityGlobals) = postSolution
		SolutionGuid = {92B6F4B1-642A-470F-9FC5-E73CBD1792CF}
	EndGlobalSection
EndGlobal
